{
  "requires": true,
  "lockfileVersion": 1,
  "dependencies": {
    "django": {
      "version": "1.0.0",
      "resolved": "https://registry.npmjs.org/django/-/django-1.0.0.tgz",
      "integrity": "sha512-PWiLJnnmf+Mghtm1J/YCZMQLM+N8rrz+bBgchOGM9ldJx9IlXM0D8h4u0vfCM85XafEbWAE8JyFbESykgiBhEw=="
    }
  }
}
